// !$*UTF8*$!
{
	archiveVersion = 1;
	classes = {
	};
	objectVersion = 55;
	objects = {

/* Begin PBXBuildFile section */
		A5A3E397295E33FF00BFC2C2 /* ViewModel.swift in Sources */ = {isa = PBXBuildFile; fileRef = A5A3E396295E33FF00BFC2C2 /* ViewModel.swift */; };
		A5CFC1FE295DBF2600F573BA /* ResponseModel.swift in Sources */ = {isa = PBXBuildFile; fileRef = A5CFC1FD295DBF2600F573BA /* ResponseModel.swift */; };
		A5CFC200295DBF5D00F573BA /* HTTPUtility.swift in Sources */ = {isa = PBXBuildFile; fileRef = A5CFC1FF295DBF5D00F573BA /* HTTPUtility.swift */; };
		A5CFC202295DD29B00F573BA /* AppConstants.swift in Sources */ = {isa = PBXBuildFile; fileRef = A5CFC201295DD29B00F573BA /* AppConstants.swift */; };
		A5CFC204295DD99C00F573BA /* Utility.swift in Sources */ = {isa = PBXBuildFile; fileRef = A5CFC203295DD99C00F573BA /* Utility.swift */; };
		A5DA99B4295E27EE00866314 /* art.scnassets in Resources */ = {isa = PBXBuildFile; fileRef = A5DA99B3295E27EE00866314 /* art.scnassets */; };
		A5F607D9295D6FE600AB327A /* AppDelegate.swift in Sources */ = {isa = PBXBuildFile; fileRef = A5F607D8295D6FE600AB327A /* AppDelegate.swift */; };
		A5F607DB295D6FE600AB327A /* SceneDelegate.swift in Sources */ = {isa = PBXBuildFile; fileRef = A5F607DA295D6FE600AB327A /* SceneDelegate.swift */; };
		A5F607DD295D6FE600AB327A /* ViewController.swift in Sources */ = {isa = PBXBuildFile; fileRef = A5F607DC295D6FE600AB327A /* ViewController.swift */; };
		A5F607E0295D6FE600AB327A /* Main.storyboard in Resources */ = {isa = PBXBuildFile; fileRef = A5F607DE295D6FE600AB327A /* Main.storyboard */; };
		A5F607E2295D6FE700AB327A /* Assets.xcassets in Resources */ = {isa = PBXBuildFile; fileRef = A5F607E1295D6FE700AB327A /* Assets.xcassets */; };
		A5F607E5295D6FE700AB327A /* LaunchScreen.storyboard in Resources */ = {isa = PBXBuildFile; fileRef = A5F607E3295D6FE700AB327A /* LaunchScreen.storyboard */; };
/* End PBXBuildFile section */

/* Begin PBXFileReference section */
		A5A3E396295E33FF00BFC2C2 /* ViewModel.swift */ = {isa = PBXFileReference; lastKnownFileType = sourcecode.swift; path = ViewModel.swift; sourceTree = "<group>"; };
		A5CFC1FD295DBF2600F573BA /* ResponseModel.swift */ = {isa = PBXFileReference; lastKnownFileType = sourcecode.swift; path = ResponseModel.swift; sourceTree = "<group>"; };
		A5CFC1FF295DBF5D00F573BA /* HTTPUtility.swift */ = {isa = PBXFileReference; lastKnownFileType = sourcecode.swift; path = HTTPUtility.swift; sourceTree = "<group>"; };
		A5CFC201295DD29B00F573BA /* AppConstants.swift */ = {isa = PBXFileReference; lastKnownFileType = sourcecode.swift; path = AppConstants.swift; sourceTree = "<group>"; };
		A5CFC203295DD99C00F573BA /* Utility.swift */ = {isa = PBXFileReference; lastKnownFileType = sourcecode.swift; path = Utility.swift; sourceTree = "<group>"; };
		A5DA99B3295E27EE00866314 /* art.scnassets */ = {isa = PBXFileReference; lastKnownFileType = wrapper.scnassets; path = art.scnassets; sourceTree = "<group>"; };
		A5F607D5295D6FE600AB327A /* TestApp.app */ = {isa = PBXFileReference; explicitFileType = wrapper.application; includeInIndex = 0; path = TestApp.app; sourceTree = BUILT_PRODUCTS_DIR; };
		A5F607D8295D6FE600AB327A /* AppDelegate.swift */ = {isa = PBXFileReference; lastKnownFileType = sourcecode.swift; path = AppDelegate.swift; sourceTree = "<group>"; };
		A5F607DA295D6FE600AB327A /* SceneDelegate.swift */ = {isa = PBXFileReference; lastKnownFileType = sourcecode.swift; path = SceneDelegate.swift; sourceTree = "<group>"; };
		A5F607DC295D6FE600AB327A /* ViewController.swift */ = {isa = PBXFileReference; lastKnownFileType = sourcecode.swift; path = ViewController.swift; sourceTree = "<group>"; };
		A5F607DF295D6FE600AB327A /* Base */ = {isa = PBXFileReference; lastKnownFileType = file.storyboard; name = Base; path = Base.lproj/Main.storyboard; sourceTree = "<group>"; };
		A5F607E1295D6FE700AB327A /* Assets.xcassets */ = {isa = PBXFileReference; lastKnownFileType = folder.assetcatalog; path = Assets.xcassets; sourceTree = "<group>"; };
		A5F607E4295D6FE700AB327A /* Base */ = {isa = PBXFileReference; lastKnownFileType = file.storyboard; name = Base; path = Base.lproj/LaunchScreen.storyboard; sourceTree = "<group>"; };
		A5F607E6295D6FE700AB327A /* Info.plist */ = {isa = PBXFileReference; lastKnownFileType = text.plist.xml; path = Info.plist; sourceTree = "<group>"; };
/* End PBXFileReference section */

/* Begin PBXFrameworksBuildPhase section */
		A5F607D2295D6FE600AB327A /* Frameworks */ = {
			isa = PBXFrameworksBuildPhase;
			buildActionMask = 2147483647;
			files = (
			);
			runOnlyForDeploymentPostprocessing = 0;
		};
/* End PBXFrameworksBuildPhase section */

/* Begin PBXGroup section */
		A5F607CC295D6FE600AB327A = {
			isa = PBXGroup;
			children = (
				A5F607D7295D6FE600AB327A /* TestApp */,
				A5F607D6295D6FE600AB327A /* Products */,
			);
			sourceTree = "<group>";
		};
		A5F607D6295D6FE600AB327A /* Products */ = {
			isa = PBXGroup;
			children = (
				A5F607D5295D6FE600AB327A /* TestApp.app */,
			);
			name = Products;
			sourceTree = "<group>";
		};
		A5F607D7295D6FE600AB327A /* TestApp */ = {
			isa = PBXGroup;
			children = (
				A5F607D8295D6FE600AB327A /* AppDelegate.swift */,
				A5F607DA295D6FE600AB327A /* SceneDelegate.swift */,
				A5F607DC295D6FE600AB327A /* ViewController.swift */,
				A5CFC1FD295DBF2600F573BA /* ResponseModel.swift */,
				A5F607DE295D6FE600AB327A /* Main.storyboard */,
				A5F607E1295D6FE700AB327A /* Assets.xcassets */,
				A5F607E3295D6FE700AB327A /* LaunchScreen.storyboard */,
				A5F607E6295D6FE700AB327A /* Info.plist */,
				A5CFC1FF295DBF5D00F573BA /* HTTPUtility.swift */,
				A5CFC201295DD29B00F573BA /* AppConstants.swift */,
				A5CFC203295DD99C00F573BA /* Utility.swift */,
				A5DA99B3295E27EE00866314 /* art.scnassets */,
				A5A3E396295E33FF00BFC2C2 /* ViewModel.swift */,
			);
			path = TestApp;
			sourceTree = "<group>";
		};
/* End PBXGroup section */

/* Begin PBXNativeTarget section */
		A5F607D4295D6FE600AB327A /* TestApp */ = {
			isa = PBXNativeTarget;
			buildConfigurationList = A5F607E9295D6FE700AB327A /* Build configuration list for PBXNativeTarget "TestApp" */;
			buildPhases = (
				A5F607D1295D6FE600AB327A /* Sources */,
				A5F607D2295D6FE600AB327A /* Frameworks */,
				A5F607D3295D6FE600AB327A /* Resources */,
			);
			buildRules = (
			);
			dependencies = (
			);
			name = TestApp;
			productName = TestApp;
			productReference = A5F607D5295D6FE600AB327A /* TestApp.app */;
			productType = "com.apple.product-type.application";
		};
/* End PBXNativeTarget section */

/* Begin PBXProject section */
		A5F607CD295D6FE600AB327A /* Project object */ = {
			isa = PBXProject;
			attributes = {
				BuildIndependentTargetsInParallel = 1;
				LastSwiftUpdateCheck = 1330;
				LastUpgradeCheck = 1330;
				TargetAttributes = {
					A5F607D4295D6FE600AB327A = {
						CreatedOnToolsVersion = 13.3.1;
					};
				};
			};
			buildConfigurationList = A5F607D0295D6FE600AB327A /* Build configuration list for PBXProject "TestApp" */;
			compatibilityVersion = "Xcode 13.0";
			developmentRegion = en;
			hasScannedForEncodings = 0;
			knownRegions = (
				en,
				Base,
			);
			mainGroup = A5F607CC295D6FE600AB327A;
			productRefGroup = A5F607D6295D6FE600AB327A /* Products */;
			projectDirPath = "";
			projectRoot = "";
			targets = (
				A5F607D4295D6FE600AB327A /* TestApp */,
			);
		};
/* End PBXProject section */

/* Begin PBXResourcesBuildPhase section */
		A5F607D3295D6FE600AB327A /* Resources */ = {
			isa = PBXResourcesBuildPhase;
			buildActionMask = 2147483647;
			files = (
				A5F607E5295D6FE700AB327A /* LaunchScreen.storyboard in Resources */,
				A5DA99B4295E27EE00866314 /* art.scnassets in Resources */,
				A5F607E2295D6FE700AB327A /* Assets.xcassets in Resources */,
				A5F607E0295D6FE600AB327A /* Main.storyboard in Resources */,
			);
			runOnlyForDeploymentPostprocessing = 0;
		};
/* End PBXResourcesBuildPhase section */

/* Begin PBXSourcesBuildPhase section */
		A5F607D1295D6FE600AB327A /* Sources */ = {
			isa = PBXSourcesBuildPhase;
			buildActionMask = 2147483647;
			files = (
				A5CFC204295DD99C00F573BA /* Utility.swift in Sources */,
				A5F607DD295D6FE600AB327A /* ViewController.swift in Sources */,
				A5CFC202295DD29B00F573BA /* AppConstants.swift in Sources */,
				A5CFC200295DBF5D00F573BA /* HTTPUtility.swift in Sources */,
				A5F607D9295D6FE600AB327A /* AppDelegate.swift in Sources */,
				A5CFC1FE295DBF2600F573BA /* ResponseModel.swift in Sources */,
				A5A3E397295E33FF00BFC2C2 /* ViewModel.swift in Sources */,
				A5F607DB295D6FE600AB327A /* SceneDelegate.swift in Sources */,
			);
			runOnlyForDeploymentPostprocessing = 0;
		};
/* End PBXSourcesBuildPhase section */

/* Begin PBXVariantGroup section */
		A5F607DE295D6FE600AB327A /* Main.storyboard */ = {
			isa = PBXVariantGroup;
			children = (
				A5F607DF295D6FE600AB327A /* Base */,
			);
			name = Main.storyboard;
			sourceTree = "<group>";
		};
		A5F607E3295D6FE700AB327A /* LaunchScreen.storyboard */ = {
			isa = PBXVariantGroup;
			children = (
				A5F607E4295D6FE700AB327A /* Base */,
			);
			name = LaunchScreen.storyboard;
			sourceTree = "<group>";
		};
/* End PBXVariantGroup section */

/* Begin XCBuildConfiguration section */
		A5F607E7295D6FE700AB327A /* Debug */ = {
			isa = XCBuildConfiguration;
			buildSettings = {
				ALWAYS_SEARCH_USER_PATHS = NO;
				CLANG_ANALYZER_NONNULL = YES;
				CLANG_ANALYZER_NUMBER_OBJECT_CONVERSION = YES_AGGRESSIVE;
				CLANG_CXX_LANGUAGE_STANDARD = "gnu++17";
				CLANG_ENABLE_MODULES = YES;
				CLANG_ENABLE_OBJC_ARC = YES;
				CLANG_ENABLE_OBJC_WEAK = YES;
				CLANG_WARN_BLOCK_CAPTURE_AUTORELEASING = YES;
				CLANG_WARN_BOOL_CONVERSION = YES;
				CLANG_WARN_COMMA = YES;
				CLANG_WARN_CONSTANT_CONVERSION = YES;
				CLANG_WARN_DEPRECATED_OBJC_IMPLEMENTATIONS = YES;
				CLANG_WARN_DIRECT_OBJC_ISA_USAGE = YES_ERROR;
				CLANG_WARN_DOCUMENTATION_COMMENTS = YES;
				CLANG_WARN_EMPTY_BODY = YES;
				CLANG_WARN_ENUM_CONVERSION = YES;
				CLANG_WARN_INFINITE_RECURSION = YES;
				CLANG_WARN_INT_CONVERSION = YES;
				CLANG_WARN_NON_LITERAL_NULL_CONVERSION = YES;
				CLANG_WARN_OBJC_IMPLICIT_RETAIN_SELF = YES;
				CLANG_WARN_OBJC_LITERAL_CONVERSION = YES;
				CLANG_WARN_OBJC_ROOT_CLASS = YES_ERROR;
				CLANG_WARN_QUOTED_INCLUDE_IN_FRAMEWORK_HEADER = YES;
				CLANG_WARN_RANGE_LOOP_ANALYSIS = YES;
				CLANG_WARN_STRICT_PROTOTYPES = YES;
				CLANG_WARN_SUSPICIOUS_MOVE = YES;
				CLANG_WARN_UNGUARDED_AVAILABILITY = YES_AGGRESSIVE;
				CLANG_WARN_UNREACHABLE_CODE = YES;
				CLANG_WARN__DUPLICATE_METHOD_MATCH = YES;
				COPY_PHASE_STRIP = NO;
				DEBUG_INFORMATION_FORMAT = dwarf;
				ENABLE_STRICT_OBJC_MSGSEND = YES;
				ENABLE_TESTABILITY = YES;
				GCC_C_LANGUAGE_STANDARD = gnu11;
				GCC_DYNAMIC_NO_PIC = NO;
				GCC_NO_COMMON_BLOCKS = YES;
				GCC_OPTIMIZATION_LEVEL = 0;
				GCC_PREPROCESSOR_DEFINITIONS = (
					"DEBUG=1",
					"$(inherited)",
				);
				GCC_WARN_64_TO_32_BIT_CONVERSION = YES;
				GCC_WARN_ABOUT_RETURN_TYPE = YES_ERROR;
				GCC_WARN_UNDECLARED_SELECTOR = YES;
				GCC_WARN_UNINITIALIZED_AUTOS = YES_AGGRESSIVE;
				GCC_WARN_UNUSED_FUNCTION = YES;
				GCC_WARN_UNUSED_VARIABLE = YES;
				IPHONEOS_DEPLOYMENT_TARGET = 15.4;
				MTL_ENABLE_DEBUG_INFO = INCLUDE_SOURCE;
				MTL_FAST_MATH = YES;
				ONLY_ACTIVE_ARCH = YES;
				SDKROOT = iphoneos;
				SWIFT_ACTIVE_COMPILATION_CONDITIONS = DEBUG;
				SWIFT_OPTIMIZATION_LEVEL = "-Onone";
			};
			name = Debug;
		};
		A5F607E8295D6FE700AB327A /* Release */ = {
			isa = XCBuildConfiguration;
			buildSettings = {
				ALWAYS_SEARCH_USER_PATHS = NO;
				CLANG_ANALYZER_NONNULL = YES;
				CLANG_ANALYZER_NUMBER_OBJECT_CONVERSION = YES_AGGRESSIVE;
				CLANG_CXX_LANGUAGE_STANDARD = "gnu++17";
				CLANG_ENABLE_MODULES = YES;
				CLANG_ENABLE_OBJC_ARC = YES;
				CLANG_ENABLE_OBJC_WEAK = YES;
				CLANG_WARN_BLOCK_CAPTURE_AUTORELEASING = YES;
				CLANG_WARN_BOOL_CONVERSION = YES;
				CLANG_WARN_COMMA = YES;
				CLANG_WARN_CONSTANT_CONVERSION = YES;
				CLANG_WARN_DEPRECATED_OBJC_IMPLEMENTATIONS = YES;
				CLANG_WARN_DIRECT_OBJC_ISA_USAGE = YES_ERROR;
				CLANG_WARN_DOCUMENTATION_COMMENTS = YES;
				CLANG_WARN_EMPTY_BODY = YES;
				CLANG_WARN_ENUM_CONVERSION = YES;
				CLANG_WARN_INFINITE_RECURSION = YES;
				CLANG_WARN_INT_CONVERSION = YES;
				CLANG_WARN_NON_LITERAL_NULL_CONVERSION = YES;
				CLANG_WARN_OBJC_IMPLICIT_RETAIN_SELF = YES;
				CLANG_WARN_OBJC_LITERAL_CONVERSION = YES;
				CLANG_WARN_OBJC_ROOT_CLASS = YES_ERROR;
				CLANG_WARN_QUOTED_INCLUDE_IN_FRAMEWORK_HEADER = YES;
				CLANG_WARN_RANGE_LOOP_ANALYSIS = YES;
				CLANG_WARN_STRICT_PROTOTYPES = YES;
				CLANG_WARN_SUSPICIOUS_MOVE = YES;
				CLANG_WARN_UNGUARDED_AVAILABILITY = YES_AGGRESSIVE;
				CLANG_WARN_UNREACHABLE_CODE = YES;
				CLANG_WARN__DUPLICATE_METHOD_MATCH = YES;
				COPY_PHASE_STRIP = NO;
				DEBUG_INFORMATION_FORMAT = "dwarf-with-dsym";
				ENABLE_NS_ASSERTIONS = NO;
				ENABLE_STRICT_OBJC_MSGSEND = YES;
				GCC_C_LANGUAGE_STANDARD = gnu11;
				GCC_NO_COMMON_BLOCKS = YES;
				GCC_WARN_64_TO_32_BIT_CONVERSION = YES;
				GCC_WARN_ABOUT_RETURN_TYPE = YES_ERROR;
				GCC_WARN_UNDECLARED_SELECTOR = YES;
				GCC_WARN_UNINITIALIZED_AUTOS = YES_AGGRESSIVE;
				GCC_WARN_UNUSED_FUNCTION = YES;
				GCC_WARN_UNUSED_VARIABLE = YES;
				IPHONEOS_DEPLOYMENT_TARGET = 15.4;
				MTL_ENABLE_DEBUG_INFO = NO;
				MTL_FAST_MATH = YES;
				SDKROOT = iphoneos;
				SWIFT_COMPILATION_MODE = wholemodule;
				SWIFT_OPTIMIZATION_LEVEL = "-O";
				VALIDATE_PRODUCT = YES;
			};
			name = Release;
		};
		A5F607EA295D6FE700AB327A /* Debug */ = {
			isa = XCBuildConfiguration;
			buildSettings = {
				ASSETCATALOG_COMPILER_APPICON_NAME = AppIcon;
				ASSETCATALOG_COMPILER_GLOBAL_ACCENT_COLOR_NAME = AccentColor;
				CODE_SIGN_STYLE = Automatic;
				CURRENT_PROJECT_VERSION = 1;
				DEVELOPMENT_TEAM = 2W577H6QVG;
				GENERATE_INFOPLIST_FILE = YES;
				INFOPLIST_FILE = TestApp/Info.plist;
				INFOPLIST_KEY_NSCameraUsageDescription = "Require for AR";
				INFOPLIST_KEY_NSLocationWhenInUseUsageDescription = "Need to use location for display POI";
				INFOPLIST_KEY_UIApplicationSupportsIndirectInputEvents = YES;
				INFOPLIST_KEY_UILaunchStoryboardName = LaunchScreen;
				INFOPLIST_KEY_UIMainStoryboardFile = Main;
				INFOPLIST_KEY_UISupportedInterfaceOrientations_iPad = "UIInterfaceOrientationPortrait UIInterfaceOrientationPortraitUpsideDown UIInterfaceOrientationLandscapeLeft UIInterfaceOrientationLandscapeRight";
				INFOPLIST_KEY_UISupportedInterfaceOrientations_iPhone = "UIInterfaceOrientationPortrait UIInterfaceOrientationLandscapeLeft UIInterfaceOrientationLandscapeRight";
				LD_RUNPATH_SEARCH_PATHS = (
					"$(inherited)",
					"@executable_path/Frameworks",
				);
				MARKETING_VERSION = 1.0;
				PRODUCT_BUNDLE_IDENTIFIER = rish.me.TestApp;
				PRODUCT_NAME = "$(TARGET_NAME)";
				SWIFT_EMIT_LOC_STRINGS = YES;
				SWIFT_VERSION = 5.0;
				TARGETED_DEVICE_FAMILY = "1,2";
			};
			name = Debug;
		};
		A5F607EB295D6FE700AB327A /* Release */ = {
			isa = XCBuildConfiguration;
			buildSettings = {
				ASSETCATALOG_COMPILER_APPICON_NAME = AppIcon;
				ASSETCATALOG_COMPILER_GLOBAL_ACCENT_COLOR_NAME = AccentColor;
				CODE_SIGN_STYLE = Automatic;
				CURRENT_PROJECT_VERSION = 1;
				DEVELOPMENT_TEAM = 2W577H6QVG;
				GENERATE_INFOPLIST_FILE = YES;
				INFOPLIST_FILE = TestApp/Info.plist;
				INFOPLIST_KEY_NSCameraUsageDescription = "Require for AR";
				INFOPLIST_KEY_NSLocationWhenInUseUsageDescription = "Need to use location for display POI";
				INFOPLIST_KEY_UIApplicationSupportsIndirectInputEvents = YES;
				INFOPLIST_KEY_UILaunchStoryboardName = LaunchScreen;
				INFOPLIST_KEY_UIMainStoryboardFile = Main;
				INFOPLIST_KEY_UISupportedInterfaceOrientations_iPad = "UIInterfaceOrientationPortrait UIInterfaceOrientationPortraitUpsideDown UIInterfaceOrientationLandscapeLeft UIInterfaceOrientationLandscapeRight";
				INFOPLIST_KEY_UISupportedInterfaceOrientations_iPhone = "UIInterfaceOrientationPortrait UIInterfaceOrientationLandscapeLeft UIInterfaceOrientationLandscapeRight";
				LD_RUNPATH_SEARCH_PATHS = (
					"$(inherited)",
					"@executable_path/Frameworks",
				);
				MARKETING_VERSION = 1.0;
				PRODUCT_BUNDLE_IDENTIFIER = rish.me.TestApp;
				PRODUCT_NAME = "$(TARGET_NAME)";
				SWIFT_EMIT_LOC_STRINGS = YES;
				SWIFT_VERSION = 5.0;
				TARGETED_DEVICE_FAMILY = "1,2";
			};
			name = Release;
		};
/* End XCBuildConfiguration section */

/* Begin XCConfigurationList section */
		A5F607D0295D6FE600AB327A /* Build configuration list for PBXProject "TestApp" */ = {
			isa = XCConfigurationList;
			buildConfigurations = (
				A5F607E7295D6FE700AB327A /* Debug */,
				A5F607E8295D6FE700AB327A /* Release */,
			);
			defaultConfigurationIsVisible = 0;
			defaultConfigurationName = Release;
		};
		A5F607E9295D6FE700AB327A /* Build configuration list for PBXNativeTarget "TestApp" */ = {
			isa = XCConfigurationList;
			buildConfigurations = (
				A5F607EA295D6FE700AB327A /* Debug */,
				A5F607EB295D6FE700AB327A /* Release */,
			);
			defaultConfigurationIsVisible = 0;
			defaultConfigurationName = Release;
		};
/* End XCConfigurationList section */
	};
	rootObject = A5F607CD295D6FE600AB327A /* Project object */;
}
